
Microsoft Visual Studio Solution File, Format Version 12.00
# Visual Studio Version 18
VisualStudioVersion = 18.1.11312.151 d18.0
MinimumVisualStudioVersion = 10.0.40219.1
Project("{FAE04EC0-301F-11D3-BF4B-00C04F79EFBC}") = "EstacionamentoCRUD", "EstacionamentoCRUD\EstacionamentoCRUD.csproj", "{E3BF5373-0414-487B-AD2D-6D410F95E222}"
EndProject
Global
	GlobalSection(SolutionConfigurationPlatforms) = preSolution
		Debug|Any CPU = Debug|Any CPU
		Release|Any CPU = Release|Any CPU
	EndGlobalSection
	GlobalSection(ProjectConfigurationPlatforms) = postSolution
		{E3BF5373-0414-487B-AD2D-6D410F95E222}.Debug|Any CPU.ActiveCfg = Debug|Any CPU
		{E3BF5373-0414-487B-AD2D-6D410F95E222}.Debug|Any CPU.Build.0 = Debug|Any CPU
		{E3BF5373-0414-487B-AD2D-6D410F95E222}.Release|Any CPU.ActiveCfg = Release|Any CPU
		{E3BF5373-0414-487B-AD2D-6D410F95E222}.Release|Any CPU.Build.0 = Release|Any CPU
	EndGlobalSection
	GlobalSection(SolutionProperties) = preSolution
		HideSolutionNode = FALSE
	EndGlobalSection
	GlobalSection(ExtensibilityGlobals) = postSolution
		SolutionGuid = {49A03DAB-C721-4343-A156-BB0638F86580}
	EndGlobalSection
EndGlobal
